
Microsoft Visual Studio Solution File, Format Version 12.00
# Visual Studio 14
VisualStudioVersion = 14.0.23107.0
MinimumVisualStudioVersion = 10.0.40219.1
Project("{2150E333-8FDC-42A3-9474-1A3956D46DE8}") = "Common", "Common", "{FE937780-922C-4F85-8524-FDAF4C694B7C}"
EndProject
Project("{2150E333-8FDC-42A3-9474-1A3956D46DE8}") = "Component", "Component", "{5EA3FBFE-AFCE-490E-B488-6D897310A89D}"
EndProject
Project("{2150E333-8FDC-42A3-9474-1A3956D46DE8}") = "Config", "Config", "{E28403F5-E822-43EA-9B83-635DBEFB231F}"
EndProject
Project("{2150E333-8FDC-42A3-9474-1A3956D46DE8}") = "Model", "Model", "{BDFFBA32-D26A-4167-A1AF-16059B9D3ACC}"
EndProject
Project("{2150E333-8FDC-42A3-9474-1A3956D46DE8}") = "DAL", "DAL", "{C977BB1C-7C6F-49C3-8D02-9BF2FE06D411}"
EndProject
Project("{2150E333-8FDC-42A3-9474-1A3956D46DE8}") = "Service", "Service", "{1FC0340D-7EF6-4C24-BAB6-5F13993DD93E}"
EndProject
Project("{2150E333-8FDC-42A3-9474-1A3956D46DE8}") = "Tasks", "Tasks", "{AB6C0E9C-6596-4050-94B9-9ACD43DFD620}"
EndProject
Project("{2150E333-8FDC-42A3-9474-1A3956D46DE8}") = "Tools", "Tools", "{07D32E96-3932-4933-8E5D-75D375176BD8}"
EndProject
Project("{2150E333-8FDC-42A3-9474-1A3956D46DE8}") = "Web", "Web", "{5BC9475E-A0AA-4E20-B1A3-317CC784B672}"
EndProject
Project("{FAE04EC0-301F-11D3-BF4B-00C04F79EFBC}") = "TaskDispatchManager.Common", "TaskDispatchManager.Common\TaskDispatchManager.Common.csproj", "{A31E65F4-55C0-46F2-9C0A-3D52D48BA3CA}"
EndProject
Project("{FAE04EC0-301F-11D3-BF4B-00C04F79EFBC}") = "TaskDispatchManager.Component", "TaskDispatchManager.Component\TaskDispatchManager.Component.csproj", "{EFCD64E2-AA23-484D-82B1-3295CAFD608E}"
EndProject
Project("{FAE04EC0-301F-11D3-BF4B-00C04F79EFBC}") = "TaskDispatchManager.Configuration", "TaskDispatchManager.Configuration\TaskDispatchManager.Configuration.csproj", "{86FAD836-79F7-4BF4-BF4B-FBD3A4F223CB}"
EndProject
Project("{FAE04EC0-301F-11D3-BF4B-00C04F79EFBC}") = "TaskDispatchManager.DBModels", "TaskDispatchManager.DBModels\TaskDispatchManager.DBModels.csproj", "{CD22C803-0CE2-4BB8-B348-2909AAF4E2DE}"
EndProject
Project("{FAE04EC0-301F-11D3-BF4B-00C04F79EFBC}") = "TaskDispatchManager.ServiceModel", "TaskDispatchManager.ServiceModel\TaskDispatchManager.ServiceModel.csproj", "{323262B8-A136-4F25-A545-3CE17983922C}"
EndProject
Project("{FAE04EC0-301F-11D3-BF4B-00C04F79EFBC}") = "TaskDispatchManager.ViewModel", "TaskDispatchManager.ViewModel\TaskDispatchManager.ViewModel.csproj", "{F9EF6B87-34C0-4E2C-B63A-E717AF18BE57}"
EndProject
Project("{FAE04EC0-301F-11D3-BF4B-00C04F79EFBC}") = "TaskDispatchManager.Tasks", "TaskDispatchManager.Tasks\TaskDispatchManager.Tasks.csproj", "{FDFDD414-6B63-4BD0-9ECF-415918965D1B}"
EndProject
Project("{2150E333-8FDC-42A3-9474-1A3956D46DE8}") = "Tester", "Tester", "{1D8F969B-4B53-40C9-8BAA-1E43D11B5500}"
EndProject
Project("{FAE04EC0-301F-11D3-BF4B-00C04F79EFBC}") = "TaskDispatchManager.DAL", "TaskDispatchManager.DAL\TaskDispatchManager.DAL.csproj", "{7AF91101-081A-4535-9E81-E4839E3CDA6E}"
EndProject
Project("{FAE04EC0-301F-11D3-BF4B-00C04F79EFBC}") = "TaskDispatchManager.DalFactory", "TaskDispatchManager.DalFactory\TaskDispatchManager.DalFactory.csproj", "{4B86720B-3192-444A-BAA2-5F1E39906129}"
EndProject
Project("{FAE04EC0-301F-11D3-BF4B-00C04F79EFBC}") = "TaskDispatchManager.IDAL", "TaskDispatchManager.IDAL\TaskDispatchManager.IDAL.csproj", "{3B857D5B-43E1-441D-A3E6-FF321E06F0FD}"
EndProject
Project("{FAE04EC0-301F-11D3-BF4B-00C04F79EFBC}") = "TaskDispatchManager.Service", "TaskDispatchManager.Service\TaskDispatchManager.Service.csproj", "{3A3835A3-54FA-4824-9D60-606812D3275C}"
EndProject
Project("{FAE04EC0-301F-11D3-BF4B-00C04F79EFBC}") = "TaskDispatchManager.IService", "TaskDispatchManager.IService\TaskDispatchManager.IService.csproj", "{6BAE3B8E-B777-497C-B67A-4F8571C49DF4}"
EndProject
Project("{FAE04EC0-301F-11D3-BF4B-00C04F79EFBC}") = "TaskDispatchManager.UnitTest", "TaskDispatchManager.UnitTest\TaskDispatchManager.UnitTest.csproj", "{FC7C3804-2E25-4349-8C9E-384565AD3260}"
EndProject
Project("{FAE04EC0-301F-11D3-BF4B-00C04F79EFBC}") = "TaskDispatchManager.WindowsService", "TaskDispatchManager.WindowsService\TaskDispatchManager.WindowsService.csproj", "{6E13ED24-9251-40E2-9710-FE7450DB8C89}"
EndProject
Project("{FAE04EC0-301F-11D3-BF4B-00C04F79EFBC}") = "TaskDispatchManager.Tool", "TaskDispatchManager.Tool\TaskDispatchManager.Tool.csproj", "{54FC3A90-2BE3-4BEB-A068-3F007C2B8A5C}"
EndProject
Project("{FAE04EC0-301F-11D3-BF4B-00C04F79EFBC}") = "TaskDispatchManager.WindowsServiceTool", "TaskDispatchManager.WindowsServiceTool\TaskDispatchManager.WindowsServiceTool.csproj", "{CC9526B4-BF0D-442A-B61E-BC8AC25392B8}"
EndProject
Project("{2150E333-8FDC-42A3-9474-1A3956D46DE8}") = "WebAPI", "WebAPI", "{463E182D-9CBF-4F6D-B8EF-4632FE10B877}"
EndProject
Project("{FAE04EC0-301F-11D3-BF4B-00C04F79EFBC}") = "TaskDispatchManager.WebApi", "TaskDispatchManager.WebApi\TaskDispatchManager.WebApi.csproj", "{C73F0B2D-80F1-4675-9B0A-AEA15BD4128E}"
EndProject
Global
	GlobalSection(SolutionConfigurationPlatforms) = preSolution
		Debug|Any CPU = Debug|Any CPU
		Release|Any CPU = Release|Any CPU
	EndGlobalSection
	GlobalSection(ProjectConfigurationPlatforms) = postSolution
		{A31E65F4-55C0-46F2-9C0A-3D52D48BA3CA}.Debug|Any CPU.ActiveCfg = Debug|Any CPU
		{A31E65F4-55C0-46F2-9C0A-3D52D48BA3CA}.Debug|Any CPU.Build.0 = Debug|Any CPU
		{A31E65F4-55C0-46F2-9C0A-3D52D48BA3CA}.Release|Any CPU.ActiveCfg = Release|Any CPU
		{A31E65F4-55C0-46F2-9C0A-3D52D48BA3CA}.Release|Any CPU.Build.0 = Release|Any CPU
		{EFCD64E2-AA23-484D-82B1-3295CAFD608E}.Debug|Any CPU.ActiveCfg = Debug|Any CPU
		{EFCD64E2-AA23-484D-82B1-3295CAFD608E}.Debug|Any CPU.Build.0 = Debug|Any CPU
		{EFCD64E2-AA23-484D-82B1-3295CAFD608E}.Release|Any CPU.ActiveCfg = Release|Any CPU
		{EFCD64E2-AA23-484D-82B1-3295CAFD608E}.Release|Any CPU.Build.0 = Release|Any CPU
		{86FAD836-79F7-4BF4-BF4B-FBD3A4F223CB}.Debug|Any CPU.ActiveCfg = Debug|Any CPU
		{86FAD836-79F7-4BF4-BF4B-FBD3A4F223CB}.Debug|Any CPU.Build.0 = Debug|Any CPU
		{86FAD836-79F7-4BF4-BF4B-FBD3A4F223CB}.Release|Any CPU.ActiveCfg = Release|Any CPU
		{86FAD836-79F7-4BF4-BF4B-FBD3A4F223CB}.Release|Any CPU.Build.0 = Release|Any CPU
		{CD22C803-0CE2-4BB8-B348-2909AAF4E2DE}.Debug|Any CPU.ActiveCfg = Debug|Any CPU
		{CD22C803-0CE2-4BB8-B348-2909AAF4E2DE}.Debug|Any CPU.Build.0 = Debug|Any CPU
		{CD22C803-0CE2-4BB8-B348-2909AAF4E2DE}.Release|Any CPU.ActiveCfg = Release|Any CPU
		{CD22C803-0CE2-4BB8-B348-2909AAF4E2DE}.Release|Any CPU.Build.0 = Release|Any CPU
		{323262B8-A136-4F25-A545-3CE17983922C}.Debug|Any CPU.ActiveCfg = Debug|Any CPU
		{323262B8-A136-4F25-A545-3CE17983922C}.Debug|Any CPU.Build.0 = Debug|Any CPU
		{323262B8-A136-4F25-A545-3CE17983922C}.Release|Any CPU.ActiveCfg = Release|Any CPU
		{323262B8-A136-4F25-A545-3CE17983922C}.Release|Any CPU.Build.0 = Release|Any CPU
		{F9EF6B87-34C0-4E2C-B63A-E717AF18BE57}.Debug|Any CPU.ActiveCfg = Debug|Any CPU
		{F9EF6B87-34C0-4E2C-B63A-E717AF18BE57}.Debug|Any CPU.Build.0 = Debug|Any CPU
		{F9EF6B87-34C0-4E2C-B63A-E717AF18BE57}.Release|Any CPU.ActiveCfg = Release|Any CPU
		{F9EF6B87-34C0-4E2C-B63A-E717AF18BE57}.Release|Any CPU.Build.0 = Release|Any CPU
		{FDFDD414-6B63-4BD0-9ECF-415918965D1B}.Debug|Any CPU.ActiveCfg = Debug|Any CPU
		{FDFDD414-6B63-4BD0-9ECF-415918965D1B}.Debug|Any CPU.Build.0 = Debug|Any CPU
		{FDFDD414-6B63-4BD0-9ECF-415918965D1B}.Release|Any CPU.ActiveCfg = Release|Any CPU
		{FDFDD414-6B63-4BD0-9ECF-415918965D1B}.Release|Any CPU.Build.0 = Release|Any CPU
		{7AF91101-081A-4535-9E81-E4839E3CDA6E}.Debug|Any CPU.ActiveCfg = Debug|Any CPU
		{7AF91101-081A-4535-9E81-E4839E3CDA6E}.Debug|Any CPU.Build.0 = Debug|Any CPU
		{7AF91101-081A-4535-9E81-E4839E3CDA6E}.Release|Any CPU.ActiveCfg = Release|Any CPU
		{7AF91101-081A-4535-9E81-E4839E3CDA6E}.Release|Any CPU.Build.0 = Release|Any CPU
		{4B86720B-3192-444A-BAA2-5F1E39906129}.Debug|Any CPU.ActiveCfg = Debug|Any CPU
		{4B86720B-3192-444A-BAA2-5F1E39906129}.Debug|Any CPU.Build.0 = Debug|Any CPU
		{4B86720B-3192-444A-BAA2-5F1E39906129}.Release|Any CPU.ActiveCfg = Release|Any CPU
		{4B86720B-3192-444A-BAA2-5F1E39906129}.Release|Any CPU.Build.0 = Release|Any CPU
		{3B857D5B-43E1-441D-A3E6-FF321E06F0FD}.Debug|Any CPU.ActiveCfg = Debug|Any CPU
		{3B857D5B-43E1-441D-A3E6-FF321E06F0FD}.Debug|Any CPU.Build.0 = Debug|Any CPU
		{3B857D5B-43E1-441D-A3E6-FF321E06F0FD}.Release|Any CPU.ActiveCfg = Release|Any CPU
		{3B857D5B-43E1-441D-A3E6-FF321E06F0FD}.Release|Any CPU.Build.0 = Release|Any CPU
		{3A3835A3-54FA-4824-9D60-606812D3275C}.Debug|Any CPU.ActiveCfg = Debug|Any CPU
		{3A3835A3-54FA-4824-9D60-606812D3275C}.Debug|Any CPU.Build.0 = Debug|Any CPU
		{3A3835A3-54FA-4824-9D60-606812D3275C}.Release|Any CPU.ActiveCfg = Release|Any CPU
		{3A3835A3-54FA-4824-9D60-606812D3275C}.Release|Any CPU.Build.0 = Release|Any CPU
		{6BAE3B8E-B777-497C-B67A-4F8571C49DF4}.Debug|Any CPU.ActiveCfg = Debug|Any CPU
		{6BAE3B8E-B777-497C-B67A-4F8571C49DF4}.Debug|Any CPU.Build.0 = Debug|Any CPU
		{6BAE3B8E-B777-497C-B67A-4F8571C49DF4}.Release|Any CPU.ActiveCfg = Release|Any CPU
		{6BAE3B8E-B777-497C-B67A-4F8571C49DF4}.Release|Any CPU.Build.0 = Release|Any CPU
		{FC7C3804-2E25-4349-8C9E-384565AD3260}.Debug|Any CPU.ActiveCfg = Debug|Any CPU
		{FC7C3804-2E25-4349-8C9E-384565AD3260}.Debug|Any CPU.Build.0 = Debug|Any CPU
		{FC7C3804-2E25-4349-8C9E-384565AD3260}.Release|Any CPU.ActiveCfg = Release|Any CPU
		{FC7C3804-2E25-4349-8C9E-384565AD3260}.Release|Any CPU.Build.0 = Release|Any CPU
		{6E13ED24-9251-40E2-9710-FE7450DB8C89}.Debug|Any CPU.ActiveCfg = Debug|Any CPU
		{6E13ED24-9251-40E2-9710-FE7450DB8C89}.Debug|Any CPU.Build.0 = Debug|Any CPU
		{6E13ED24-9251-40E2-9710-FE7450DB8C89}.Release|Any CPU.ActiveCfg = Release|Any CPU
		{6E13ED24-9251-40E2-9710-FE7450DB8C89}.Release|Any CPU.Build.0 = Release|Any CPU
		{54FC3A90-2BE3-4BEB-A068-3F007C2B8A5C}.Debug|Any CPU.ActiveCfg = Debug|Any CPU
		{54FC3A90-2BE3-4BEB-A068-3F007C2B8A5C}.Debug|Any CPU.Build.0 = Debug|Any CPU
		{54FC3A90-2BE3-4BEB-A068-3F007C2B8A5C}.Release|Any CPU.ActiveCfg = Release|Any CPU
		{54FC3A90-2BE3-4BEB-A068-3F007C2B8A5C}.Release|Any CPU.Build.0 = Release|Any CPU
		{CC9526B4-BF0D-442A-B61E-BC8AC25392B8}.Debug|Any CPU.ActiveCfg = Debug|Any CPU
		{CC9526B4-BF0D-442A-B61E-BC8AC25392B8}.Debug|Any CPU.Build.0 = Debug|Any CPU
		{CC9526B4-BF0D-442A-B61E-BC8AC25392B8}.Release|Any CPU.ActiveCfg = Release|Any CPU
		{CC9526B4-BF0D-442A-B61E-BC8AC25392B8}.Release|Any CPU.Build.0 = Release|Any CPU
		{C73F0B2D-80F1-4675-9B0A-AEA15BD4128E}.Debug|Any CPU.ActiveCfg = Debug|Any CPU
		{C73F0B2D-80F1-4675-9B0A-AEA15BD4128E}.Debug|Any CPU.Build.0 = Debug|Any CPU
		{C73F0B2D-80F1-4675-9B0A-AEA15BD4128E}.Release|Any CPU.ActiveCfg = Release|Any CPU
		{C73F0B2D-80F1-4675-9B0A-AEA15BD4128E}.Release|Any CPU.Build.0 = Release|Any CPU
	EndGlobalSection
	GlobalSection(SolutionProperties) = preSolution
		HideSolutionNode = FALSE
	EndGlobalSection
	GlobalSection(NestedProjects) = preSolution
		{A31E65F4-55C0-46F2-9C0A-3D52D48BA3CA} = {FE937780-922C-4F85-8524-FDAF4C694B7C}
		{EFCD64E2-AA23-484D-82B1-3295CAFD608E} = {5EA3FBFE-AFCE-490E-B488-6D897310A89D}
		{86FAD836-79F7-4BF4-BF4B-FBD3A4F223CB} = {E28403F5-E822-43EA-9B83-635DBEFB231F}
		{CD22C803-0CE2-4BB8-B348-2909AAF4E2DE} = {BDFFBA32-D26A-4167-A1AF-16059B9D3ACC}
		{323262B8-A136-4F25-A545-3CE17983922C} = {BDFFBA32-D26A-4167-A1AF-16059B9D3ACC}
		{F9EF6B87-34C0-4E2C-B63A-E717AF18BE57} = {BDFFBA32-D26A-4167-A1AF-16059B9D3ACC}
		{FDFDD414-6B63-4BD0-9ECF-415918965D1B} = {AB6C0E9C-6596-4050-94B9-9ACD43DFD620}
		{7AF91101-081A-4535-9E81-E4839E3CDA6E} = {C977BB1C-7C6F-49C3-8D02-9BF2FE06D411}
		{4B86720B-3192-444A-BAA2-5F1E39906129} = {C977BB1C-7C6F-49C3-8D02-9BF2FE06D411}
		{3B857D5B-43E1-441D-A3E6-FF321E06F0FD} = {C977BB1C-7C6F-49C3-8D02-9BF2FE06D411}
		{3A3835A3-54FA-4824-9D60-606812D3275C} = {1FC0340D-7EF6-4C24-BAB6-5F13993DD93E}
		{6BAE3B8E-B777-497C-B67A-4F8571C49DF4} = {1FC0340D-7EF6-4C24-BAB6-5F13993DD93E}
		{FC7C3804-2E25-4349-8C9E-384565AD3260} = {1D8F969B-4B53-40C9-8BAA-1E43D11B5500}
		{6E13ED24-9251-40E2-9710-FE7450DB8C89} = {07D32E96-3932-4933-8E5D-75D375176BD8}
		{54FC3A90-2BE3-4BEB-A068-3F007C2B8A5C} = {07D32E96-3932-4933-8E5D-75D375176BD8}
		{CC9526B4-BF0D-442A-B61E-BC8AC25392B8} = {07D32E96-3932-4933-8E5D-75D375176BD8}
		{C73F0B2D-80F1-4675-9B0A-AEA15BD4128E} = {463E182D-9CBF-4F6D-B8EF-4632FE10B877}
	EndGlobalSection
EndGlobal
